
Microsoft Visual Studio Solution File, Format Version 12.00
# Visual Studio 15
VisualStudioVersion = 15.0.28307.329
MinimumVisualStudioVersion = 10.0.40219.1
Project("{FAE04EC0-301F-11D3-BF4B-00C04F79EFBC}") = "ContosoWeatherAddin", "ContosoWeatherAddin.csproj", "{D2B7C4F3-05EF-48F1-A0B7-8561F57AE198}"
EndProject
Global
	GlobalSection(SolutionConfigurationPlatforms) = preSolution
		Debug|Any CPU = Debug|Any CPU
		Release|Any CPU = Release|Any CPU
	EndGlobalSection
	GlobalSection(ProjectConfigurationPlatforms) = postSolution
		{D2B7C4F3-05EF-48F1-A0B7-8561F57AE198}.Debug|Any CPU.ActiveCfg = Debug|Any CPU
		{D2B7C4F3-05EF-48F1-A0B7-8561F57AE198}.Debug|Any CPU.Build.0 = Debug|Any CPU
		{D2B7C4F3-05EF-48F1-A0B7-8561F57AE198}.Debug|Any CPU.Deploy.0 = Debug|Any CPU
		{D2B7C4F3-05EF-48F1-A0B7-8561F57AE198}.Release|Any CPU.ActiveCfg = Release|Any CPU
		{D2B7C4F3-05EF-48F1-A0B7-8561F57AE198}.Release|Any CPU.Build.0 = Release|Any CPU
		{D2B7C4F3-05EF-48F1-A0B7-8561F57AE198}.Release|Any CPU.Deploy.0 = Release|Any CPU
	EndGlobalSection
	GlobalSection(SolutionProperties) = preSolution
		HideSolutionNode = FALSE
	EndGlobalSection
	GlobalSection(ExtensibilityGlobals) = postSolution
		SolutionGuid = {262D30A7-E4CF-40BA-86AE-ABA3DF64E366}
	EndGlobalSection
EndGlobal
